{
  "name": "serverless-plugin-stage-variables",
  "version": "1.9.5",
  "lockfileVersion": 1,
  "requires": true,
  "dependencies": {
    "class.extend": {
      "version": "0.9.2",
      "resolved": "https://registry.npmjs.org/class.extend/-/class.extend-0.9.2.tgz",
      "integrity": "sha1-4cvaNpfLMdPNqxwAHSaQdckDH3g="
    },
    "lodash": {
      "version": "4.17.21",
      "resolved": "https://registry.npmjs.org/lodash/-/lodash-4.17.21.tgz",
      "integrity": "sha512-v2kDEe57lecTulaDIuNTPy3Ry4gLGJ6Z1O3vE1krgXZNrsQ+LFTGHVxVjcXPs17LhbZVGedAJv8XZ1tvj5FvSg=="
    }
  }
}
